
Microsoft Visual Studio Solution File, Format Version 12.00
# Visual Studio Version 17
VisualStudioVersion = 17.0.31903.59
MinimumVisualStudioVersion = 10.0.40219.1
Project("{FAE04EC0-301F-11D3-BF4B-00C04F79EFBC}") = "CQRS.Core", "..\CQRS-ES\CQRS.Core\CQRS.Core.csproj", "{3D0421B9-8B15-4D42-B00B-1E9528B9DE12}"
EndProject
Project("{2150E333-8FDC-42A3-9474-1A3956D46DE8}") = "Film.Cmd", "Film.Cmd", "{03DD055F-B89F-9C4C-FB4D-1E23A0571BC7}"
EndProject
Project("{FAE04EC0-301F-11D3-BF4B-00C04F79EFBC}") = "Film.Cmd.Api", "Film.Cmd\Film.Cmd.Api\Film.Cmd.Api.csproj", "{206F627D-B4ED-47E6-9D4F-3FFA6D6EAD21}"
EndProject
Project("{FAE04EC0-301F-11D3-BF4B-00C04F79EFBC}") = "Film.Cmd.Domain", "Film.Cmd\Film.Cmd.Domain\Film.Cmd.Domain.csproj", "{CC8C2847-7400-4F04-A84B-7D36F4F846ED}"
EndProject
Project("{FAE04EC0-301F-11D3-BF4B-00C04F79EFBC}") = "Film.Cmd.Infrastructure", "Film.Cmd\Film.Cmd.Infrastructure\Film.Cmd.Infrastructure.csproj", "{3ECF641A-FF4C-4023-ADF8-D522332A9F7F}"
EndProject
Project("{2150E333-8FDC-42A3-9474-1A3956D46DE8}") = "Film.Query", "Film.Query", "{438476E5-5588-DD8B-B8F8-25D9C14575DE}"
EndProject
Project("{FAE04EC0-301F-11D3-BF4B-00C04F79EFBC}") = "Film.Query.Api", "Film.Query\Film.Query.Api\Film.Query.Api.csproj", "{74F642E3-D8F9-4B94-84A2-599D6E95B609}"
EndProject
Project("{FAE04EC0-301F-11D3-BF4B-00C04F79EFBC}") = "Film.Query.Domain", "Film.Query\Film.Query.Domain\Film.Query.Domain.csproj", "{63FFE500-A096-445E-ADFD-28486C4394F0}"
EndProject
Project("{FAE04EC0-301F-11D3-BF4B-00C04F79EFBC}") = "Film.Query.Infrastructure", "Film.Query\Film.Query.Infrastructure\Film.Query.Infrastructure.csproj", "{2EFE2BF9-5E6D-4438-9542-B01EEF9752D5}"
EndProject
Project("{FAE04EC0-301F-11D3-BF4B-00C04F79EFBC}") = "Film.Common", "Film.Common\Film.Common.csproj", "{C1EF3384-87C0-4D02-B229-903F67FEB8F4}"
EndProject
Global
	GlobalSection(SolutionConfigurationPlatforms) = preSolution
		Debug|Any CPU = Debug|Any CPU
		Debug|x64 = Debug|x64
		Debug|x86 = Debug|x86
		Release|Any CPU = Release|Any CPU
		Release|x64 = Release|x64
		Release|x86 = Release|x86
	EndGlobalSection
	GlobalSection(ProjectConfigurationPlatforms) = postSolution
		{3D0421B9-8B15-4D42-B00B-1E9528B9DE12}.Debug|Any CPU.ActiveCfg = Debug|Any CPU
		{3D0421B9-8B15-4D42-B00B-1E9528B9DE12}.Debug|Any CPU.Build.0 = Debug|Any CPU
		{3D0421B9-8B15-4D42-B00B-1E9528B9DE12}.Debug|x64.ActiveCfg = Debug|Any CPU
		{3D0421B9-8B15-4D42-B00B-1E9528B9DE12}.Debug|x64.Build.0 = Debug|Any CPU
		{3D0421B9-8B15-4D42-B00B-1E9528B9DE12}.Debug|x86.ActiveCfg = Debug|Any CPU
		{3D0421B9-8B15-4D42-B00B-1E9528B9DE12}.Debug|x86.Build.0 = Debug|Any CPU
		{3D0421B9-8B15-4D42-B00B-1E9528B9DE12}.Release|Any CPU.ActiveCfg = Release|Any CPU
		{3D0421B9-8B15-4D42-B00B-1E9528B9DE12}.Release|Any CPU.Build.0 = Release|Any CPU
		{3D0421B9-8B15-4D42-B00B-1E9528B9DE12}.Release|x64.ActiveCfg = Release|Any CPU
		{3D0421B9-8B15-4D42-B00B-1E9528B9DE12}.Release|x64.Build.0 = Release|Any CPU
		{3D0421B9-8B15-4D42-B00B-1E9528B9DE12}.Release|x86.ActiveCfg = Release|Any CPU
		{3D0421B9-8B15-4D42-B00B-1E9528B9DE12}.Release|x86.Build.0 = Release|Any CPU
		{206F627D-B4ED-47E6-9D4F-3FFA6D6EAD21}.Debug|Any CPU.ActiveCfg = Debug|Any CPU
		{206F627D-B4ED-47E6-9D4F-3FFA6D6EAD21}.Debug|Any CPU.Build.0 = Debug|Any CPU
		{206F627D-B4ED-47E6-9D4F-3FFA6D6EAD21}.Debug|x64.ActiveCfg = Debug|Any CPU
		{206F627D-B4ED-47E6-9D4F-3FFA6D6EAD21}.Debug|x64.Build.0 = Debug|Any CPU
		{206F627D-B4ED-47E6-9D4F-3FFA6D6EAD21}.Debug|x86.ActiveCfg = Debug|Any CPU
		{206F627D-B4ED-47E6-9D4F-3FFA6D6EAD21}.Debug|x86.Build.0 = Debug|Any CPU
		{206F627D-B4ED-47E6-9D4F-3FFA6D6EAD21}.Release|Any CPU.ActiveCfg = Release|Any CPU
		{206F627D-B4ED-47E6-9D4F-3FFA6D6EAD21}.Release|Any CPU.Build.0 = Release|Any CPU
		{206F627D-B4ED-47E6-9D4F-3FFA6D6EAD21}.Release|x64.ActiveCfg = Release|Any CPU
		{206F627D-B4ED-47E6-9D4F-3FFA6D6EAD21}.Release|x64.Build.0 = Release|Any CPU
		{206F627D-B4ED-47E6-9D4F-3FFA6D6EAD21}.Release|x86.ActiveCfg = Release|Any CPU
		{206F627D-B4ED-47E6-9D4F-3FFA6D6EAD21}.Release|x86.Build.0 = Release|Any CPU
		{CC8C2847-7400-4F04-A84B-7D36F4F846ED}.Debug|Any CPU.ActiveCfg = Debug|Any CPU
		{CC8C2847-7400-4F04-A84B-7D36F4F846ED}.Debug|Any CPU.Build.0 = Debug|Any CPU
		{CC8C2847-7400-4F04-A84B-7D36F4F846ED}.Debug|x64.ActiveCfg = Debug|Any CPU
		{CC8C2847-7400-4F04-A84B-7D36F4F846ED}.Debug|x64.Build.0 = Debug|Any CPU
		{CC8C2847-7400-4F04-A84B-7D36F4F846ED}.Debug|x86.ActiveCfg = Debug|Any CPU
		{CC8C2847-7400-4F04-A84B-7D36F4F846ED}.Debug|x86.Build.0 = Debug|Any CPU
		{CC8C2847-7400-4F04-A84B-7D36F4F846ED}.Release|Any CPU.ActiveCfg = Release|Any CPU
		{CC8C2847-7400-4F04-A84B-7D36F4F846ED}.Release|Any CPU.Build.0 = Release|Any CPU
		{CC8C2847-7400-4F04-A84B-7D36F4F846ED}.Release|x64.ActiveCfg = Release|Any CPU
		{CC8C2847-7400-4F04-A84B-7D36F4F846ED}.Release|x64.Build.0 = Release|Any CPU
		{CC8C2847-7400-4F04-A84B-7D36F4F846ED}.Release|x86.ActiveCfg = Release|Any CPU
		{CC8C2847-7400-4F04-A84B-7D36F4F846ED}.Release|x86.Build.0 = Release|Any CPU
		{3ECF641A-FF4C-4023-ADF8-D522332A9F7F}.Debug|Any CPU.ActiveCfg = Debug|Any CPU
		{3ECF641A-FF4C-4023-ADF8-D522332A9F7F}.Debug|Any CPU.Build.0 = Debug|Any CPU
		{3ECF641A-FF4C-4023-ADF8-D522332A9F7F}.Debug|x64.ActiveCfg = Debug|Any CPU
		{3ECF641A-FF4C-4023-ADF8-D522332A9F7F}.Debug|x64.Build.0 = Debug|Any CPU
		{3ECF641A-FF4C-4023-ADF8-D522332A9F7F}.Debug|x86.ActiveCfg = Debug|Any CPU
		{3ECF641A-FF4C-4023-ADF8-D522332A9F7F}.Debug|x86.Build.0 = Debug|Any CPU
		{3ECF641A-FF4C-4023-ADF8-D522332A9F7F}.Release|Any CPU.ActiveCfg = Release|Any CPU
		{3ECF641A-FF4C-4023-ADF8-D522332A9F7F}.Release|Any CPU.Build.0 = Release|Any CPU
		{3ECF641A-FF4C-4023-ADF8-D522332A9F7F}.Release|x64.ActiveCfg = Release|Any CPU
		{3ECF641A-FF4C-4023-ADF8-D522332A9F7F}.Release|x64.Build.0 = Release|Any CPU
		{3ECF641A-FF4C-4023-ADF8-D522332A9F7F}.Release|x86.ActiveCfg = Release|Any CPU
		{3ECF641A-FF4C-4023-ADF8-D522332A9F7F}.Release|x86.Build.0 = Release|Any CPU
		{74F642E3-D8F9-4B94-84A2-599D6E95B609}.Debug|Any CPU.ActiveCfg = Debug|Any CPU
		{74F642E3-D8F9-4B94-84A2-599D6E95B609}.Debug|Any CPU.Build.0 = Debug|Any CPU
		{74F642E3-D8F9-4B94-84A2-599D6E95B609}.Debug|x64.ActiveCfg = Debug|Any CPU
		{74F642E3-D8F9-4B94-84A2-599D6E95B609}.Debug|x64.Build.0 = Debug|Any CPU
		{74F642E3-D8F9-4B94-84A2-599D6E95B609}.Debug|x86.ActiveCfg = Debug|Any CPU
		{74F642E3-D8F9-4B94-84A2-599D6E95B609}.Debug|x86.Build.0 = Debug|Any CPU
		{74F642E3-D8F9-4B94-84A2-599D6E95B609}.Release|Any CPU.ActiveCfg = Release|Any CPU
		{74F642E3-D8F9-4B94-84A2-599D6E95B609}.Release|Any CPU.Build.0 = Release|Any CPU
		{74F642E3-D8F9-4B94-84A2-599D6E95B609}.Release|x64.ActiveCfg = Release|Any CPU
		{74F642E3-D8F9-4B94-84A2-599D6E95B609}.Release|x64.Build.0 = Release|Any CPU
		{74F642E3-D8F9-4B94-84A2-599D6E95B609}.Release|x86.ActiveCfg = Release|Any CPU
		{74F642E3-D8F9-4B94-84A2-599D6E95B609}.Release|x86.Build.0 = Release|Any CPU
		{63FFE500-A096-445E-ADFD-28486C4394F0}.Debug|Any CPU.ActiveCfg = Debug|Any CPU
		{63FFE500-A096-445E-ADFD-28486C4394F0}.Debug|Any CPU.Build.0 = Debug|Any CPU
		{63FFE500-A096-445E-ADFD-28486C4394F0}.Debug|x64.ActiveCfg = Debug|Any CPU
		{63FFE500-A096-445E-ADFD-28486C4394F0}.Debug|x64.Build.0 = Debug|Any CPU
		{63FFE500-A096-445E-ADFD-28486C4394F0}.Debug|x86.ActiveCfg = Debug|Any CPU
		{63FFE500-A096-445E-ADFD-28486C4394F0}.Debug|x86.Build.0 = Debug|Any CPU
		{63FFE500-A096-445E-ADFD-28486C4394F0}.Release|Any CPU.ActiveCfg = Release|Any CPU
		{63FFE500-A096-445E-ADFD-28486C4394F0}.Release|Any CPU.Build.0 = Release|Any CPU
		{63FFE500-A096-445E-ADFD-28486C4394F0}.Release|x64.ActiveCfg = Release|Any CPU
		{63FFE500-A096-445E-ADFD-28486C4394F0}.Release|x64.Build.0 = Release|Any CPU
		{63FFE500-A096-445E-ADFD-28486C4394F0}.Release|x86.ActiveCfg = Release|Any CPU
		{63FFE500-A096-445E-ADFD-28486C4394F0}.Release|x86.Build.0 = Release|Any CPU
		{2EFE2BF9-5E6D-4438-9542-B01EEF9752D5}.Debug|Any CPU.ActiveCfg = Debug|Any CPU
		{2EFE2BF9-5E6D-4438-9542-B01EEF9752D5}.Debug|Any CPU.Build.0 = Debug|Any CPU
		{2EFE2BF9-5E6D-4438-9542-B01EEF9752D5}.Debug|x64.ActiveCfg = Debug|Any CPU
		{2EFE2BF9-5E6D-4438-9542-B01EEF9752D5}.Debug|x64.Build.0 = Debug|Any CPU
		{2EFE2BF9-5E6D-4438-9542-B01EEF9752D5}.Debug|x86.ActiveCfg = Debug|Any CPU
		{2EFE2BF9-5E6D-4438-9542-B01EEF9752D5}.Debug|x86.Build.0 = Debug|Any CPU
		{2EFE2BF9-5E6D-4438-9542-B01EEF9752D5}.Release|Any CPU.ActiveCfg = Release|Any CPU
		{2EFE2BF9-5E6D-4438-9542-B01EEF9752D5}.Release|Any CPU.Build.0 = Release|Any CPU
		{2EFE2BF9-5E6D-4438-9542-B01EEF9752D5}.Release|x64.ActiveCfg = Release|Any CPU
		{2EFE2BF9-5E6D-4438-9542-B01EEF9752D5}.Release|x64.Build.0 = Release|Any CPU
		{2EFE2BF9-5E6D-4438-9542-B01EEF9752D5}.Release|x86.ActiveCfg = Release|Any CPU
		{2EFE2BF9-5E6D-4438-9542-B01EEF9752D5}.Release|x86.Build.0 = Release|Any CPU
		{C1EF3384-87C0-4D02-B229-903F67FEB8F4}.Debug|Any CPU.ActiveCfg = Debug|Any CPU
		{C1EF3384-87C0-4D02-B229-903F67FEB8F4}.Debug|Any CPU.Build.0 = Debug|Any CPU
		{C1EF3384-87C0-4D02-B229-903F67FEB8F4}.Debug|x64.ActiveCfg = Debug|Any CPU
		{C1EF3384-87C0-4D02-B229-903F67FEB8F4}.Debug|x64.Build.0 = Debug|Any CPU
		{C1EF3384-87C0-4D02-B229-903F67FEB8F4}.Debug|x86.ActiveCfg = Debug|Any CPU
		{C1EF3384-87C0-4D02-B229-903F67FEB8F4}.Debug|x86.Build.0 = Debug|Any CPU
		{C1EF3384-87C0-4D02-B229-903F67FEB8F4}.Release|Any CPU.ActiveCfg = Release|Any CPU
		{C1EF3384-87C0-4D02-B229-903F67FEB8F4}.Release|Any CPU.Build.0 = Release|Any CPU
		{C1EF3384-87C0-4D02-B229-903F67FEB8F4}.Release|x64.ActiveCfg = Release|Any CPU
		{C1EF3384-87C0-4D02-B229-903F67FEB8F4}.Release|x64.Build.0 = Release|Any CPU
		{C1EF3384-87C0-4D02-B229-903F67FEB8F4}.Release|x86.ActiveCfg = Release|Any CPU
		{C1EF3384-87C0-4D02-B229-903F67FEB8F4}.Release|x86.Build.0 = Release|Any CPU
	EndGlobalSection
	GlobalSection(SolutionProperties) = preSolution
		HideSolutionNode = FALSE
	EndGlobalSection
	GlobalSection(NestedProjects) = preSolution
		{206F627D-B4ED-47E6-9D4F-3FFA6D6EAD21} = {03DD055F-B89F-9C4C-FB4D-1E23A0571BC7}
		{CC8C2847-7400-4F04-A84B-7D36F4F846ED} = {03DD055F-B89F-9C4C-FB4D-1E23A0571BC7}
		{3ECF641A-FF4C-4023-ADF8-D522332A9F7F} = {03DD055F-B89F-9C4C-FB4D-1E23A0571BC7}
		{74F642E3-D8F9-4B94-84A2-599D6E95B609} = {438476E5-5588-DD8B-B8F8-25D9C14575DE}
		{63FFE500-A096-445E-ADFD-28486C4394F0} = {438476E5-5588-DD8B-B8F8-25D9C14575DE}
		{2EFE2BF9-5E6D-4438-9542-B01EEF9752D5} = {438476E5-5588-DD8B-B8F8-25D9C14575DE}
	EndGlobalSection
EndGlobal
